
Microsoft Visual Studio Solution File, Format Version 12.00
# Visual Studio Version 17
VisualStudioVersion = 17.3.32825.248
MinimumVisualStudioVersion = 10.0.40219.1
Project("{FAE04EC0-301F-11D3-BF4B-00C04F79EFBC}") = "topoyunu1", "topoyunu1.csproj", "{89802D23-DF75-4DD9-BAB4-4189EF85309A}"
EndProject
Global
	GlobalSection(SolutionConfigurationPlatforms) = preSolution
		Debug|Any CPU = Debug|Any CPU
		Release|Any CPU = Release|Any CPU
	EndGlobalSection
	GlobalSection(ProjectConfigurationPlatforms) = postSolution
		{89802D23-DF75-4DD9-BAB4-4189EF85309A}.Debug|Any CPU.ActiveCfg = Debug|Any CPU
		{89802D23-DF75-4DD9-BAB4-4189EF85309A}.Debug|Any CPU.Build.0 = Debug|Any CPU
		{89802D23-DF75-4DD9-BAB4-4189EF85309A}.Release|Any CPU.ActiveCfg = Release|Any CPU
		{89802D23-DF75-4DD9-BAB4-4189EF85309A}.Release|Any CPU.Build.0 = Release|Any CPU
	EndGlobalSection
	GlobalSection(SolutionProperties) = preSolution
		HideSolutionNode = FALSE
	EndGlobalSection
	GlobalSection(ExtensibilityGlobals) = postSolution
		SolutionGuid = {67C37F0A-AF41-42A3-A5D1-251D494754B1}
	EndGlobalSection
EndGlobal
